
Microsoft Visual Studio Solution File, Format Version 12.00
# Visual Studio Version 17
VisualStudioVersion = 17.13.35828.75
MinimumVisualStudioVersion = 10.0.40219.1
Project("{FAE04EC0-301F-11D3-BF4B-00C04F79EFBC}") = "ListaDeExercicios.Ex01", "ListaDeExercicios.01\ListaDeExercicios.Ex01.csproj", "{E512DF88-FCD4-426D-8389-A7D1378FC410}"
EndProject
Project("{FAE04EC0-301F-11D3-BF4B-00C04F79EFBC}") = "listaDeExercicios.Ex02", "listaDeExercicios.Ex02\listaDeExercicios.Ex02.csproj", "{A69FE5B0-03DD-4096-AD00-FE2CECA5D728}"
EndProject
Project("{FAE04EC0-301F-11D3-BF4B-00C04F79EFBC}") = "listaDeExercicios.ex03", "listaDeExercicios.ex03\listaDeExercicios.ex03.csproj", "{CA376967-70F6-489F-9B4E-2D1E61FA7E93}"
EndProject
Project("{FAE04EC0-301F-11D3-BF4B-00C04F79EFBC}") = "ListaDeExercicios.Ex04", "ListaDeExercicio.Ex04\ListaDeExercicios.Ex04.csproj", "{F20D1424-6BF1-4DFC-9CF9-090B92646ED0}"
EndProject
Project("{FAE04EC0-301F-11D3-BF4B-00C04F79EFBC}") = "ListaDeExercicios.Ex05", "ListaDeExercicio.ex05\ListaDeExercicios.Ex05.csproj", "{055F0146-6798-45C7-B604-A3A709A1227A}"
EndProject
Project("{FAE04EC0-301F-11D3-BF4B-00C04F79EFBC}") = "ListaDeExercicios.Ex06", "ListaDeExercicios.Ex06\ListaDeExercicios.Ex06.csproj", "{EF883176-B58F-4301-9A89-FC15A9B526C1}"
EndProject
Project("{FAE04EC0-301F-11D3-BF4B-00C04F79EFBC}") = "ListaDeExercicios.Ex07", "ListaDeExercicios.07\ListaDeExercicios.Ex07.csproj", "{E5DCF261-64FE-4AE0-A779-D7ADB727BC3F}"
EndProject
Project("{FAE04EC0-301F-11D3-BF4B-00C04F79EFBC}") = "ListaDeExercicios.Ex08", "ListaDeExercicios.Ex08\ListaDeExercicios.Ex08.csproj", "{263886E2-DBFC-4257-B72A-EB2AEB6ED87B}"
EndProject
Project("{FAE04EC0-301F-11D3-BF4B-00C04F79EFBC}") = "ListaDeExercicios.Ex09", "ListaDeExercicios.Ex09\ListaDeExercicios.Ex09.csproj", "{012FA9A2-0649-4DD1-82A3-110D53506267}"
EndProject
Project("{FAE04EC0-301F-11D3-BF4B-00C04F79EFBC}") = "ListaDeExercicios.Ex10", "ListaDeExercicios.Ex10\ListaDeExercicios.Ex10.csproj", "{A3A79B3E-96D2-4345-9AC9-0ACBA1892D55}"
EndProject
Project("{FAE04EC0-301F-11D3-BF4B-00C04F79EFBC}") = "ListaDeExercicios.Ex11", "ListaDeExercicios.Ex11\ListaDeExercicios.Ex11.csproj", "{042C23CE-827E-4584-9BCE-2F5483776F9B}"
EndProject
Project("{FAE04EC0-301F-11D3-BF4B-00C04F79EFBC}") = "ListaDeExercicios.Ex12", "ListaDeExercicios.Ex12\ListaDeExercicios.Ex12.csproj", "{50AB07AD-5E00-4760-A7AA-32B9D83DA9D9}"
EndProject
Project("{FAE04EC0-301F-11D3-BF4B-00C04F79EFBC}") = "ListaDeExercicios.Ex13", "ListaDeExercicios.Ex13\ListaDeExercicios.Ex13.csproj", "{060CB245-37CF-4E7D-91B7-F95DD9D02592}"
EndProject
Project("{FAE04EC0-301F-11D3-BF4B-00C04F79EFBC}") = "ListaDeExercicios.Ex14", "ListaDeExercicios.Ex14\ListaDeExercicios.Ex14.csproj", "{30D79499-0D13-4D80-96B6-E844638B0AB0}"
EndProject
Project("{FAE04EC0-301F-11D3-BF4B-00C04F79EFBC}") = "ListaDeExercicios.Ex15", "ListaDeExercicios.Ex15\ListaDeExercicios.Ex15.csproj", "{7DFBEEEC-67D3-463A-B7D3-23AAE17F8638}"
EndProject
Global
	GlobalSection(SolutionConfigurationPlatforms) = preSolution
		Debug|Any CPU = Debug|Any CPU
		Release|Any CPU = Release|Any CPU
	EndGlobalSection
	GlobalSection(ProjectConfigurationPlatforms) = postSolution
		{E512DF88-FCD4-426D-8389-A7D1378FC410}.Debug|Any CPU.ActiveCfg = Debug|Any CPU
		{E512DF88-FCD4-426D-8389-A7D1378FC410}.Debug|Any CPU.Build.0 = Debug|Any CPU
		{E512DF88-FCD4-426D-8389-A7D1378FC410}.Release|Any CPU.ActiveCfg = Release|Any CPU
		{E512DF88-FCD4-426D-8389-A7D1378FC410}.Release|Any CPU.Build.0 = Release|Any CPU
		{A69FE5B0-03DD-4096-AD00-FE2CECA5D728}.Debug|Any CPU.ActiveCfg = Debug|Any CPU
		{A69FE5B0-03DD-4096-AD00-FE2CECA5D728}.Debug|Any CPU.Build.0 = Debug|Any CPU
		{A69FE5B0-03DD-4096-AD00-FE2CECA5D728}.Release|Any CPU.ActiveCfg = Release|Any CPU
		{A69FE5B0-03DD-4096-AD00-FE2CECA5D728}.Release|Any CPU.Build.0 = Release|Any CPU
		{CA376967-70F6-489F-9B4E-2D1E61FA7E93}.Debug|Any CPU.ActiveCfg = Debug|Any CPU
		{CA376967-70F6-489F-9B4E-2D1E61FA7E93}.Debug|Any CPU.Build.0 = Debug|Any CPU
		{CA376967-70F6-489F-9B4E-2D1E61FA7E93}.Release|Any CPU.ActiveCfg = Release|Any CPU
		{CA376967-70F6-489F-9B4E-2D1E61FA7E93}.Release|Any CPU.Build.0 = Release|Any CPU
		{F20D1424-6BF1-4DFC-9CF9-090B92646ED0}.Debug|Any CPU.ActiveCfg = Debug|Any CPU
		{F20D1424-6BF1-4DFC-9CF9-090B92646ED0}.Debug|Any CPU.Build.0 = Debug|Any CPU
		{F20D1424-6BF1-4DFC-9CF9-090B92646ED0}.Release|Any CPU.ActiveCfg = Release|Any CPU
		{F20D1424-6BF1-4DFC-9CF9-090B92646ED0}.Release|Any CPU.Build.0 = Release|Any CPU
		{055F0146-6798-45C7-B604-A3A709A1227A}.Debug|Any CPU.ActiveCfg = Debug|Any CPU
		{055F0146-6798-45C7-B604-A3A709A1227A}.Debug|Any CPU.Build.0 = Debug|Any CPU
		{055F0146-6798-45C7-B604-A3A709A1227A}.Release|Any CPU.ActiveCfg = Release|Any CPU
		{055F0146-6798-45C7-B604-A3A709A1227A}.Release|Any CPU.Build.0 = Release|Any CPU
		{EF883176-B58F-4301-9A89-FC15A9B526C1}.Debug|Any CPU.ActiveCfg = Debug|Any CPU
		{EF883176-B58F-4301-9A89-FC15A9B526C1}.Debug|Any CPU.Build.0 = Debug|Any CPU
		{EF883176-B58F-4301-9A89-FC15A9B526C1}.Release|Any CPU.ActiveCfg = Release|Any CPU
		{EF883176-B58F-4301-9A89-FC15A9B526C1}.Release|Any CPU.Build.0 = Release|Any CPU
		{E5DCF261-64FE-4AE0-A779-D7ADB727BC3F}.Debug|Any CPU.ActiveCfg = Debug|Any CPU
		{E5DCF261-64FE-4AE0-A779-D7ADB727BC3F}.Debug|Any CPU.Build.0 = Debug|Any CPU
		{E5DCF261-64FE-4AE0-A779-D7ADB727BC3F}.Release|Any CPU.ActiveCfg = Release|Any CPU
		{E5DCF261-64FE-4AE0-A779-D7ADB727BC3F}.Release|Any CPU.Build.0 = Release|Any CPU
		{263886E2-DBFC-4257-B72A-EB2AEB6ED87B}.Debug|Any CPU.ActiveCfg = Debug|Any CPU
		{263886E2-DBFC-4257-B72A-EB2AEB6ED87B}.Debug|Any CPU.Build.0 = Debug|Any CPU
		{263886E2-DBFC-4257-B72A-EB2AEB6ED87B}.Release|Any CPU.ActiveCfg = Release|Any CPU
		{263886E2-DBFC-4257-B72A-EB2AEB6ED87B}.Release|Any CPU.Build.0 = Release|Any CPU
		{012FA9A2-0649-4DD1-82A3-110D53506267}.Debug|Any CPU.ActiveCfg = Debug|Any CPU
		{012FA9A2-0649-4DD1-82A3-110D53506267}.Debug|Any CPU.Build.0 = Debug|Any CPU
		{012FA9A2-0649-4DD1-82A3-110D53506267}.Release|Any CPU.ActiveCfg = Release|Any CPU
		{012FA9A2-0649-4DD1-82A3-110D53506267}.Release|Any CPU.Build.0 = Release|Any CPU
		{A3A79B3E-96D2-4345-9AC9-0ACBA1892D55}.Debug|Any CPU.ActiveCfg = Debug|Any CPU
		{A3A79B3E-96D2-4345-9AC9-0ACBA1892D55}.Debug|Any CPU.Build.0 = Debug|Any CPU
		{A3A79B3E-96D2-4345-9AC9-0ACBA1892D55}.Release|Any CPU.ActiveCfg = Release|Any CPU
		{A3A79B3E-96D2-4345-9AC9-0ACBA1892D55}.Release|Any CPU.Build.0 = Release|Any CPU
		{042C23CE-827E-4584-9BCE-2F5483776F9B}.Debug|Any CPU.ActiveCfg = Debug|Any CPU
		{042C23CE-827E-4584-9BCE-2F5483776F9B}.Debug|Any CPU.Build.0 = Debug|Any CPU
		{042C23CE-827E-4584-9BCE-2F5483776F9B}.Release|Any CPU.ActiveCfg = Release|Any CPU
		{042C23CE-827E-4584-9BCE-2F5483776F9B}.Release|Any CPU.Build.0 = Release|Any CPU
		{50AB07AD-5E00-4760-A7AA-32B9D83DA9D9}.Debug|Any CPU.ActiveCfg = Debug|Any CPU
		{50AB07AD-5E00-4760-A7AA-32B9D83DA9D9}.Debug|Any CPU.Build.0 = Debug|Any CPU
		{50AB07AD-5E00-4760-A7AA-32B9D83DA9D9}.Release|Any CPU.ActiveCfg = Release|Any CPU
		{50AB07AD-5E00-4760-A7AA-32B9D83DA9D9}.Release|Any CPU.Build.0 = Release|Any CPU
		{060CB245-37CF-4E7D-91B7-F95DD9D02592}.Debug|Any CPU.ActiveCfg = Debug|Any CPU
		{060CB245-37CF-4E7D-91B7-F95DD9D02592}.Debug|Any CPU.Build.0 = Debug|Any CPU
		{060CB245-37CF-4E7D-91B7-F95DD9D02592}.Release|Any CPU.ActiveCfg = Release|Any CPU
		{060CB245-37CF-4E7D-91B7-F95DD9D02592}.Release|Any CPU.Build.0 = Release|Any CPU
		{30D79499-0D13-4D80-96B6-E844638B0AB0}.Debug|Any CPU.ActiveCfg = Debug|Any CPU
		{30D79499-0D13-4D80-96B6-E844638B0AB0}.Debug|Any CPU.Build.0 = Debug|Any CPU
		{30D79499-0D13-4D80-96B6-E844638B0AB0}.Release|Any CPU.ActiveCfg = Release|Any CPU
		{30D79499-0D13-4D80-96B6-E844638B0AB0}.Release|Any CPU.Build.0 = Release|Any CPU
		{7DFBEEEC-67D3-463A-B7D3-23AAE17F8638}.Debug|Any CPU.ActiveCfg = Debug|Any CPU
		{7DFBEEEC-67D3-463A-B7D3-23AAE17F8638}.Debug|Any CPU.Build.0 = Debug|Any CPU
		{7DFBEEEC-67D3-463A-B7D3-23AAE17F8638}.Release|Any CPU.ActiveCfg = Release|Any CPU
		{7DFBEEEC-67D3-463A-B7D3-23AAE17F8638}.Release|Any CPU.Build.0 = Release|Any CPU
	EndGlobalSection
	GlobalSection(SolutionProperties) = preSolution
		HideSolutionNode = FALSE
	EndGlobalSection
	GlobalSection(ExtensibilityGlobals) = postSolution
		SolutionGuid = {F2B540B0-E506-4656-9E82-100C68DE4717}
	EndGlobalSection
EndGlobal
